dependencies:
- name: common
  repository: https://charts.bitnami.com/bitnami
  version: 2.2.3
- name: mongodb
  repository: https://charts.bitnami.com/bitnami
  version: 13.6.7
digest: sha256:0db24b6bda350293f0f9932381f5e4c755a72621c2f1bae1c749c78565a18509
generated: "2023-07-11T20:04:47.92371+02:00"
